#MicroXplorer Configuration settings - do not modify
ADC1.Channel-0\#ChannelRegularConversion=ADC_CHANNEL_12
ADC1.Channel-2\#ChannelRegularConversion=ADC_CHANNEL_TEMPSENSOR
ADC1.ContinuousConvMode=DISABLE
ADC1.DataAlign=ADC_DATAALIGN_RIGHT
ADC1.DiscontinuousConvMode=DISABLE
ADC1.EnableAnalogWatchDog=false
ADC1.EnableRegularConversion=ENABLE
ADC1.ExternalTrigConv=ADC_SOFTWARE_START
ADC1.IPParameters=Rank-0\#ChannelRegularConversion,Channel-0\#ChannelRegularConversion,SamplingTime-0\#ChannelRegularConversion,NbrOfConversionFlag,NbrOfConversion,DataAlign,ScanConvMode,ContinuousConvMode,DiscontinuousConvMode,EnableRegularConversion,ExternalTrigConv,InjNumberOfConversion,EnableAnalogWatchDog,master,Rank-2\#ChannelRegularConversion,Channel-2\#ChannelRegularConversion,SamplingTime-2\#ChannelRegularConversion
ADC1.InjNumberOfConversion=0
ADC1.NbrOfConversion=2
ADC1.NbrOfConversionFlag=1
ADC1.Rank-0\#ChannelRegularConversion=1
ADC1.Rank-2\#ChannelRegularConversion=2
ADC1.SamplingTime-0\#ChannelRegularConversion=ADC_SAMPLETIME_239CYCLES_5
ADC1.SamplingTime-2\#ChannelRegularConversion=ADC_SAMPLETIME_239CYCLES_5
ADC1.ScanConvMode=ADC_SCAN_ENABLE
ADC1.master=1
Dma.ADC1.4.Direction=DMA_PERIPH_TO_MEMORY
Dma.ADC1.4.Instance=DMA1_Channel1
Dma.ADC1.4.MemDataAlignment=DMA_MDATAALIGN_WORD
Dma.ADC1.4.MemInc=DMA_MINC_ENABLE
Dma.ADC1.4.Mode=DMA_CIRCULAR
Dma.ADC1.4.PeriphDataAlignment=DMA_PDATAALIGN_WORD
Dma.ADC1.4.PeriphInc=DMA_PINC_DISABLE
Dma.ADC1.4.Priority=DMA_PRIORITY_LOW
Dma.ADC1.4.RequestParameters=Instance,Direction,PeriphInc,MemInc,PeriphDataAlignment,MemDataAlignment,Mode,Priority
Dma.Request0=USART1_RX
Dma.Request1=USART1_TX
Dma.Request2=USART2_RX
Dma.Request3=USART2_TX
Dma.Request4=ADC1
Dma.Request5=UART4_TX
Dma.RequestsNb=6
Dma.UART4_TX.5.Direction=DMA_MEMORY_TO_PERIPH
Dma.UART4_TX.5.Instance=DMA2_Channel5
Dma.UART4_TX.5.MemDataAlignment=DMA_MDATAALIGN_BYTE
Dma.UART4_TX.5.MemInc=DMA_MINC_ENABLE
Dma.UART4_TX.5.Mode=DMA_NORMAL
Dma.UART4_TX.5.PeriphDataAlignment=DMA_PDATAALIGN_BYTE
Dma.UART4_TX.5.PeriphInc=DMA_PINC_DISABLE
Dma.UART4_TX.5.Priority=DMA_PRIORITY_LOW
Dma.UART4_TX.5.RequestParameters=Instance,Direction,PeriphInc,MemInc,PeriphDataAlignment,MemDataAlignment,Mode,Priority
Dma.USART1_RX.0.Direction=DMA_PERIPH_TO_MEMORY
Dma.USART1_RX.0.Instance=DMA1_Channel5
Dma.USART1_RX.0.MemDataAlignment=DMA_MDATAALIGN_BYTE
Dma.USART1_RX.0.MemInc=DMA_MINC_ENABLE
Dma.USART1_RX.0.Mode=DMA_NORMAL
Dma.USART1_RX.0.PeriphDataAlignment=DMA_PDATAALIGN_BYTE
Dma.USART1_RX.0.PeriphInc=DMA_PINC_DISABLE
Dma.USART1_RX.0.Priority=DMA_PRIORITY_LOW
Dma.USART1_RX.0.RequestParameters=Instance,Direction,PeriphInc,MemInc,PeriphDataAlignment,MemDataAlignment,Mode,Priority
Dma.USART1_TX.1.Direction=DMA_MEMORY_TO_PERIPH
Dma.USART1_TX.1.Instance=DMA1_Channel4
Dma.USART1_TX.1.MemDataAlignment=DMA_MDATAALIGN_BYTE
Dma.USART1_TX.1.MemInc=DMA_MINC_ENABLE
Dma.USART1_TX.1.Mode=DMA_NORMAL
Dma.USART1_TX.1.PeriphDataAlignment=DMA_PDATAALIGN_BYTE
Dma.USART1_TX.1.PeriphInc=DMA_PINC_DISABLE
Dma.USART1_TX.1.Priority=DMA_PRIORITY_LOW
Dma.USART1_TX.1.RequestParameters=Instance,Direction,PeriphInc,MemInc,PeriphDataAlignment,MemDataAlignment,Mode,Priority
Dma.USART2_RX.2.Direction=DMA_PERIPH_TO_MEMORY
Dma.USART2_RX.2.Instance=DMA1_Channel6
Dma.USART2_RX.2.MemDataAlignment=DMA_MDATAALIGN_BYTE
Dma.USART2_RX.2.MemInc=DMA_MINC_ENABLE
Dma.USART2_RX.2.Mode=DMA_NORMAL
Dma.USART2_RX.2.PeriphDataAlignment=DMA_PDATAALIGN_BYTE
Dma.USART2_RX.2.PeriphInc=DMA_PINC_DISABLE
Dma.USART2_RX.2.Priority=DMA_PRIORITY_LOW
Dma.USART2_RX.2.RequestParameters=Instance,Direction,PeriphInc,MemInc,PeriphDataAlignment,MemDataAlignment,Mode,Priority
Dma.USART2_TX.3.Direction=DMA_MEMORY_TO_PERIPH
Dma.USART2_TX.3.Instance=DMA1_Channel7
Dma.USART2_TX.3.MemDataAlignment=DMA_MDATAALIGN_BYTE
Dma.USART2_TX.3.MemInc=DMA_MINC_ENABLE
Dma.USART2_TX.3.Mode=DMA_NORMAL
Dma.USART2_TX.3.PeriphDataAlignment=DMA_PDATAALIGN_BYTE
Dma.USART2_TX.3.PeriphInc=DMA_PINC_DISABLE
Dma.USART2_TX.3.Priority=DMA_PRIORITY_LOW
Dma.USART2_TX.3.RequestParameters=Instance,Direction,PeriphInc,MemInc,PeriphDataAlignment,MemDataAlignment,Mode,Priority
File.Version=6
KeepUserPlacement=false
Mcu.Family=STM32F1
Mcu.IP0=ADC1
Mcu.IP1=CRC
Mcu.IP10=USART1
Mcu.IP11=USART2
Mcu.IP12=USB
Mcu.IP13=USB_DEVICE
Mcu.IP2=DMA
Mcu.IP3=I2C2
Mcu.IP4=NVIC
Mcu.IP5=RCC
Mcu.IP6=SYS
Mcu.IP7=TIM4
Mcu.IP8=TIM5
Mcu.IP9=UART4
Mcu.IPNb=14
Mcu.Name=STM32F103R(C-D-E)Tx
Mcu.Package=LQFP64
Mcu.Pin0=PC13-TAMPER-RTC
Mcu.Pin1=PD0-OSC_IN
Mcu.Pin10=PC4
Mcu.Pin11=PB10
Mcu.Pin12=PB11
Mcu.Pin13=PA9
Mcu.Pin14=PA10
Mcu.Pin15=PA11
Mcu.Pin16=PA12
Mcu.Pin17=PA13
Mcu.Pin18=PA14
Mcu.Pin19=PC10
Mcu.Pin2=PD1-OSC_OUT
Mcu.Pin20=PC11
Mcu.Pin21=PB5
Mcu.Pin22=PB6
Mcu.Pin23=PB9
Mcu.Pin24=VP_ADC1_TempSens_Input
Mcu.Pin25=VP_CRC_VS_CRC
Mcu.Pin26=VP_SYS_VS_Systick
Mcu.Pin27=VP_TIM4_VS_ClockSourceINT
Mcu.Pin28=VP_TIM5_VS_ClockSourceINT
Mcu.Pin29=VP_USB_DEVICE_VS_USB_DEVICE_CDC_FS
Mcu.Pin3=PC1
Mcu.Pin4=PC2
Mcu.Pin5=PA1
Mcu.Pin6=PA2
Mcu.Pin7=PA3
Mcu.Pin8=PA5
Mcu.Pin9=PA6
Mcu.PinsNb=30
Mcu.UserConstants=
Mcu.UserName=STM32F103RCTx
MxCube.Version=4.23.0
MxDb.Version=DB.4.0.230
NVIC.ADC1_2_IRQn=true\:0\:0\:false\:false\:true\:true
NVIC.BusFault_IRQn=true\:0\:0\:false\:false\:true\:false
NVIC.DMA1_Channel1_IRQn=true\:0\:0\:false\:true\:true\:11\:false
NVIC.DMA1_Channel4_IRQn=true\:0\:0\:false\:true\:true\:7\:false
NVIC.DMA1_Channel5_IRQn=true\:0\:0\:false\:true\:true\:8\:false
NVIC.DMA1_Channel6_IRQn=true\:0\:0\:false\:true\:true\:9\:false
NVIC.DMA1_Channel7_IRQn=true\:0\:0\:false\:true\:true\:10\:false
NVIC.DMA2_Channel4_5_IRQn=true\:0\:0\:false\:true\:true\:15\:false
NVIC.DebugMonitor_IRQn=true\:0\:0\:false\:false\:true\:false
NVIC.EXTI1_IRQn=true\:0\:0\:false\:true\:true\:2\:true
NVIC.HardFault_IRQn=true\:0\:0\:false\:false\:true\:false
NVIC.I2C2_ER_IRQn=true\:0\:0\:false\:true\:true\:13\:true
NVIC.I2C2_EV_IRQn=true\:0\:0\:false\:true\:true\:12\:true
NVIC.MemoryManagement_IRQn=true\:0\:0\:false\:false\:true\:false
NVIC.NonMaskableInt_IRQn=true\:0\:0\:false\:false\:true\:false
NVIC.PendSV_IRQn=true\:0\:0\:false\:false\:true\:false
NVIC.PriorityGroup=NVIC_PRIORITYGROUP_4
NVIC.SVCall_IRQn=true\:0\:0\:false\:false\:true\:false
NVIC.SysTick_IRQn=true\:0\:0\:false\:false\:true\:false
NVIC.TIM4_IRQn=true\:0\:0\:false\:true\:true\:5\:true
NVIC.TIM5_IRQn=true\:0\:0\:false\:true\:true\:6\:true
NVIC.UART4_IRQn=true\:0\:0\:false\:true\:true\:14\:true
NVIC.USART1_IRQn=true\:0\:0\:false\:true\:true\:3\:true
NVIC.USART2_IRQn=true\:0\:0\:false\:true\:true\:4\:true
NVIC.USB_LP_CAN1_RX0_IRQn=true\:0\:0\:false\:true\:true\:1\:false
NVIC.UsageFault_IRQn=true\:0\:0\:false\:false\:true\:false
PA1.GPIOParameters=GPIO_Label
PA1.GPIO_Label=MCU_KEY_IN
PA1.Locked=true
PA1.Signal=GPXTI1
PA10.GPIOParameters=GPIO_Label
PA10.GPIO_Label=CortexA9_RX
PA10.Mode=Asynchronous
PA10.Signal=USART1_RX
PA11.Mode=Device
PA11.Signal=USB_DM
PA12.Mode=Device
PA12.Signal=USB_DP
PA13.Mode=Serial_Wire
PA13.Signal=SYS_JTMS-SWDIO
PA14.Mode=Serial_Wire
PA14.Signal=SYS_JTCK-SWCLK
PA2.GPIOParameters=GPIO_Label
PA2.GPIO_Label=BSP_TX
PA2.Mode=Asynchronous
PA2.Signal=USART2_TX
PA3.GPIOParameters=GPIO_Label
PA3.GPIO_Label=BSP_RX
PA3.Mode=Asynchronous
PA3.Signal=USART2_RX
PA5.GPIOParameters=GPIO_Label
PA5.GPIO_Label=MCUAtmosphereLED1
PA5.Locked=true
PA5.Signal=GPIO_Output
PA6.GPIOParameters=GPIO_Label
PA6.GPIO_Label=MCUAtmosphereLED2
PA6.Locked=true
PA6.Signal=GPIO_Output
PA9.GPIOParameters=GPIO_Label
PA9.GPIO_Label=CortexA9_TX
PA9.Mode=Asynchronous
PA9.Signal=USART1_TX
PB10.Mode=I2C
PB10.Signal=I2C2_SCL
PB11.Mode=I2C
PB11.Signal=I2C2_SDA
PB5.GPIOParameters=GPIO_Label
PB5.GPIO_Label=MCU_FAN_OUT
PB5.Locked=true
PB5.Signal=GPIO_Output
PB6.GPIOParameters=GPIO_Label
PB6.GPIO_Label=MCU_LED_OUT
PB6.Locked=true
PB6.Signal=GPIO_Output
PB9.GPIOParameters=GPIO_Label
PB9.GPIO_Label=RunningLED
PB9.Locked=true
PB9.Signal=GPIO_Output
PC1.GPIOParameters=GPIO_Label
PC1.GPIO_Label=CTR485_EN
PC1.Locked=true
PC1.Signal=GPIO_Output
PC10.GPIOParameters=GPIO_Label
PC10.GPIO_Label=Speaker_TX
PC10.Mode=Asynchronous
PC10.Signal=UART4_TX
PC11.GPIOParameters=GPIO_Label
PC11.GPIO_Label=Speaker_RX
PC11.Mode=Asynchronous
PC11.Signal=UART4_RX
PC13-TAMPER-RTC.GPIOParameters=GPIO_Label
PC13-TAMPER-RTC.GPIO_Label=CommunicationLED
PC13-TAMPER-RTC.Locked=true
PC13-TAMPER-RTC.Signal=GPIO_Output
PC2.GPIOParameters=GPIO_Label
PC2.GPIO_Label=PhotosensitiveSensor
PC2.Locked=true
PC2.Signal=ADCx_IN12
PC4.GPIOParameters=GPIO_PuPd,GPIO_Label
PC4.GPIO_Label=GentleSensor
PC4.GPIO_PuPd=GPIO_PULLUP
PC4.Locked=true
PC4.Signal=GPIO_Input
PCC.Checker=false
PCC.Line=STM32F103
PCC.MCU=STM32F103R(C-D-E)Tx
PCC.PartNumber=STM32F103RCTx
PCC.Seq0=1
PCC.Seq0.Step0.Average_Current=66.04 mA
PCC.Seq0.Step0.CPU_Frequency=72 MHz
PCC.Seq0.Step0.Category=In DS Table
PCC.Seq0.Step0.DMIPS=61.0
PCC.Seq0.Step0.Duration=1 ms
PCC.Seq0.Step0.Frequency=8 MHz
PCC.Seq0.Step0.Memory=FLASH
PCC.Seq0.Step0.Mode=RUN
PCC.Seq0.Step0.Oscillator=HSE PLL
PCC.Seq0.Step0.Peripherals=ADC1 ADC2 ADC3 APB1-Bridge APB2-Bridge BKP BusMatrix CRC DAC\:OUT1 DMA1 DMA2 GPIOA GPIOB GPIOC GPIOD I2C1 I2C2 IWDG PVD/BOR PWR RTC SDIO SPI1 SPI2 SPI3 TIM1 TIM2 TIM3 TIM4 TIM5 TIM6 TIM7 TIM8 UART4 UART5 USART1 USART2 USART3 USB WWDG
PCC.Seq0.Step0.TaMax=95.19
PCC.Seq0.Step0.User's_Consumption=0 mA
PCC.Seq0.Step0.Vcore=No Scale
PCC.Seq0.Step0.Vdd=3.3
PCC.Seq0.Step0.Voltage_Source=Battery
PCC.Series=STM32F1
PCC.Temperature=25
PCC.Vdd=3.3
PD0-OSC_IN.Mode=HSE-External-Oscillator
PD0-OSC_IN.Signal=RCC_OSC_IN
PD1-OSC_OUT.Mode=HSE-External-Oscillator
PD1-OSC_OUT.Signal=RCC_OSC_OUT
PinOutPanel.RotationAngle=0
ProjectManager.AskForMigrate=true
ProjectManager.BackupPrevious=false
ProjectManager.CompilerOptimize=2
ProjectManager.ComputerToolchain=false
ProjectManager.CoupleFile=true
ProjectManager.CustomerFirmwarePackage=D\:/Lib/STM32Cube_FW_F1_V1.6.0
ProjectManager.DefaultFWLocation=true
ProjectManager.DeletePrevious=true
ProjectManager.DeviceId=STM32F103RCTx
ProjectManager.FirmwarePackage=STM32Cube FW_F1 V1.6.0
ProjectManager.FreePins=false
ProjectManager.HalAssertFull=false
ProjectManager.HeapSize=0x200
ProjectManager.KeepUserCode=true
ProjectManager.LastFirmware=true
ProjectManager.LibraryCopy=0
ProjectManager.PreviousToolchain=
ProjectManager.ProjectBuild=false
ProjectManager.ProjectFileName=DSPro.ioc
ProjectManager.ProjectName=DSPro
ProjectManager.StackSize=0x400
ProjectManager.TargetToolchain=EWARM
ProjectManager.ToolChainLocation=
ProjectManager.UnderRoot=false
ProjectManager.functionlistsort=1-MX_GPIO_Init-GPIO-false-HAL,2-MX_DMA_Init-DMA-false-HAL,3-SystemClock_Config-RCC-false-HAL,4-MX_USB_DEVICE_Init-USB_DEVICE-false-HAL,5-MX_USART1_UART_Init-USART1-false-HAL,6-MX_USART2_UART_Init-USART2-false-HAL,7-MX_TIM4_Init-TIM4-false-HAL,8-MX_TIM5_Init-TIM5-false-HAL,9-MX_CRC_Init-CRC-false-HAL,10-MX_ADC1_Init-ADC1-false-HAL,11-MX_UART4_Init-UART4-false-HAL,12-MX_I2C2_Init-I2C2-false-HAL
RCC.ADCFreqValue=12000000
RCC.ADCPresc=RCC_ADCPCLK2_DIV6
RCC.AHBFreq_Value=72000000
RCC.APB1CLKDivider=RCC_HCLK_DIV2
RCC.APB1Freq_Value=36000000
RCC.APB1TimFreq_Value=72000000
RCC.APB2Freq_Value=72000000
RCC.APB2TimFreq_Value=72000000
RCC.FCLKCortexFreq_Value=72000000
RCC.FamilyName=M
RCC.HCLKFreq_Value=72000000
RCC.I2S2Freq_Value=72000000
RCC.I2S3Freq_Value=72000000
RCC.IPParameters=ADCFreqValue,ADCPresc,AHBFreq_Value,APB1CLKDivider,APB1Freq_Value,APB1TimFreq_Value,APB2Freq_Value,APB2TimFreq_Value,FCLKCortexFreq_Value,FamilyName,HCLKFreq_Value,I2S2Freq_Value,I2S3Freq_Value,MCOFreq_Value,PLLCLKFreq_Value,PLLMCOFreq_Value,PLLMUL,SDIOFreq_Value,SDIOHCLKDiv2FreqValue,SYSCLKFreq_VALUE,SYSCLKSource,TimSysFreq_Value,USBFreq_Value,USBPrescaler,VCOOutput2Freq_Value
RCC.MCOFreq_Value=72000000
RCC.PLLCLKFreq_Value=72000000
RCC.PLLMCOFreq_Value=36000000
RCC.PLLMUL=RCC_PLL_MUL9
RCC.SDIOFreq_Value=72000000
RCC.SDIOHCLKDiv2FreqValue=36000000
RCC.SYSCLKFreq_VALUE=72000000
RCC.SYSCLKSource=RCC_SYSCLKSOURCE_PLLCLK
RCC.TimSysFreq_Value=72000000
RCC.USBFreq_Value=48000000
RCC.USBPrescaler=RCC_USBCLKSOURCE_PLL_DIV1_5
RCC.VCOOutput2Freq_Value=8000000
SH.ADCx_IN12.0=ADC1_IN12,IN12
SH.ADCx_IN12.ConfNb=1
SH.GPXTI1.0=GPIO_EXTI1
SH.GPXTI1.ConfNb=1
TIM4.AutoReloadPreload=TIM_AUTORELOAD_PRELOAD_ENABLE
TIM4.IPParameters=Prescaler,Period,AutoReloadPreload
TIM4.Period=1000-1
TIM4.Prescaler=72-1
TIM5.AutoReloadPreload=TIM_AUTORELOAD_PRELOAD_ENABLE
TIM5.IPParameters=Prescaler,Period,AutoReloadPreload
TIM5.Period=100-1
TIM5.Prescaler=72-1
UART4.IPParameters=VirtualMode
UART4.VirtualMode=Asynchronous
USART1.IPParameters=VirtualMode
USART1.VirtualMode=VM_ASYNC
USART2.IPParameters=VirtualMode
USART2.VirtualMode=VM_ASYNC
USB_DEVICE.CLASS_NAME_FS=CDC
USB_DEVICE.IPParameters=VirtualMode,VirtualModeFS,CLASS_NAME_FS
USB_DEVICE.VirtualMode=Cdc
USB_DEVICE.VirtualModeFS=Cdc_FS
VP_ADC1_TempSens_Input.Mode=IN-TempSens
VP_ADC1_TempSens_Input.Signal=ADC1_TempSens_Input
VP_CRC_VS_CRC.Mode=CRC_Activate
VP_CRC_VS_CRC.Signal=CRC_VS_CRC
VP_SYS_VS_Systick.Mode=SysTick
VP_SYS_VS_Systick.Signal=SYS_VS_Systick
VP_TIM4_VS_ClockSourceINT.Mode=Internal
VP_TIM4_VS_ClockSourceINT.Signal=TIM4_VS_ClockSourceINT
VP_TIM5_VS_ClockSourceINT.Mode=Internal
VP_TIM5_VS_ClockSourceINT.Signal=TIM5_VS_ClockSourceINT
VP_USB_DEVICE_VS_USB_DEVICE_CDC_FS.Mode=CDC_FS
VP_USB_DEVICE_VS_USB_DEVICE_CDC_FS.Signal=USB_DEVICE_VS_USB_DEVICE_CDC_FS
board=DSPro
